
Microsoft Visual Studio Solution File, Format Version 12.00
# Visual Studio Version 16
VisualStudioVersion = 16.0.31129.286
MinimumVisualStudioVersion = 10.0.40219.1
Project("{9A19103F-16F7-4668-BE54-9A1E7A4F7556}") = "sms", "sms.csproj", "{AAA9D617-66B1-4F10-88E8-ABB5D2D247D4}"
EndProject
Project("{FAE04EC0-301F-11D3-BF4B-00C04F79EFBC}") = "smsTest", "..\smsTest\smsTest.csproj", "{F1CFC35F-5C2A-44BD-8312-787373A83931}"
EndProject
Global
	GlobalSection(SolutionConfigurationPlatforms) = preSolution
		Debug|Any CPU = Debug|Any CPU
		Release|Any CPU = Release|Any CPU
	EndGlobalSection
	GlobalSection(ProjectConfigurationPlatforms) = postSolution
		{AAA9D617-66B1-4F10-88E8-ABB5D2D247D4}.Debug|Any CPU.ActiveCfg = Debug|Any CPU
		{AAA9D617-66B1-4F10-88E8-ABB5D2D247D4}.Debug|Any CPU.Build.0 = Debug|Any CPU
		{AAA9D617-66B1-4F10-88E8-ABB5D2D247D4}.Release|Any CPU.ActiveCfg = Release|Any CPU
		{AAA9D617-66B1-4F10-88E8-ABB5D2D247D4}.Release|Any CPU.Build.0 = Release|Any CPU
		{F1CFC35F-5C2A-44BD-8312-787373A83931}.Debug|Any CPU.ActiveCfg = Debug|Any CPU
		{F1CFC35F-5C2A-44BD-8312-787373A83931}.Debug|Any CPU.Build.0 = Debug|Any CPU
		{F1CFC35F-5C2A-44BD-8312-787373A83931}.Release|Any CPU.ActiveCfg = Release|Any CPU
		{F1CFC35F-5C2A-44BD-8312-787373A83931}.Release|Any CPU.Build.0 = Release|Any CPU
	EndGlobalSection
	GlobalSection(SolutionProperties) = preSolution
		HideSolutionNode = FALSE
	EndGlobalSection
	GlobalSection(ExtensibilityGlobals) = postSolution
		SolutionGuid = {75BE3669-C5DF-4A01-AA85-0BDEFB1A3A36}
	EndGlobalSection
EndGlobal
